
Microsoft Visual Studio Solution File, Format Version 12.00
# Visual Studio Version 16
VisualStudioVersion = 16.0.35229.62
MinimumVisualStudioVersion = 10.0.40219.1
Project("{8BC9CEB8-8B4A-11D0-8D11-00A0C91BC942}") = "ConnectMagic", "ConnectMagic\ConnectMagic.vcxproj", "{8802AF2F-2920-4700-89F2-CA6778727283}"
EndProject
Global
	GlobalSection(SolutionConfigurationPlatforms) = preSolution
		Debug|x86 = Debug|x86
		Release|x86 = Release|x86
	EndGlobalSection
	GlobalSection(ProjectConfigurationPlatforms) = postSolution
		{8802AF2F-2920-4700-89F2-CA6778727283}.Debug|x86.ActiveCfg = Debug|Win32
		{8802AF2F-2920-4700-89F2-CA6778727283}.Debug|x86.Build.0 = Debug|Win32
		{8802AF2F-2920-4700-89F2-CA6778727283}.Release|x86.ActiveCfg = Release|Win32
		{8802AF2F-2920-4700-89F2-CA6778727283}.Release|x86.Build.0 = Release|Win32
	EndGlobalSection
	GlobalSection(SolutionProperties) = preSolution
		HideSolutionNode = FALSE
	EndGlobalSection
	GlobalSection(ExtensibilityGlobals) = postSolution
		SolutionGuid = {BF465D36-B7AD-44AA-A6B2-26BDF3D0E07D}
	EndGlobalSection
EndGlobal
