<?xml version="1.0" encoding="utf-8"?>
<Project ToolsVersion="4.0" xmlns="http://schemas.microsoft.com/developer/msbuild/2003">
  <ItemGroup>
    <Filter Include="ソース ファイル">
      <UniqueIdentifier>{4FC737F1-C7A5-4376-A066-2A32D752A2FF}</UniqueIdentifier>
      <Extensions>cpp;c;cc;cxx;def;odl;idl;hpj;bat;asm;asmx</Extensions>
    </Filter>
    <Filter Include="ソース ファイル\BaseSystem">
      <UniqueIdentifier>{85f7f144-4dc3-4734-bdfc-756a9e704971}</UniqueIdentifier>
    </Filter>
    <Filter Include="ソース ファイル\BaseSystem\Math">
      <UniqueIdentifier>{e3e4a3ec-c611-4226-abac-9a41b3859468}</UniqueIdentifier>
    </Filter>
    <Filter Include="ソース ファイル\BaseSystem\Model">
      <UniqueIdentifier>{a9e7af69-90a7-440c-b3ea-28d6313d2c27}</UniqueIdentifier>
    </Filter>
    <Filter Include="ソース ファイル\BaseSystem\Task">
      <UniqueIdentifier>{453161b1-eb5b-40dc-a61f-fb4c9e91356b}</UniqueIdentifier>
    </Filter>
    <Filter Include="ソース ファイル\BaseSystem\UI">
      <UniqueIdentifier>{93383a33-a196-413e-a7c6-2dfe09ecd721}</UniqueIdentifier>
    </Filter>
    <Filter Include="ソース ファイル\BaseSystem\Collider">
      <UniqueIdentifier>{87aa1e71-3b0d-4bbb-a1bf-7c214a8ac584}</UniqueIdentifier>
    </Filter>
    <Filter Include="ソース ファイル\BaseSystem\System">
      <UniqueIdentifier>{88b3af3d-95a5-4b6c-b691-57f42b478603}</UniqueIdentifier>
    </Filter>
    <Filter Include="ソース ファイル\BaseSystem\Effect">
      <UniqueIdentifier>{25224d48-fbee-4330-9c49-651acfb6e52a}</UniqueIdentifier>
    </Filter>
    <Filter Include="ソース ファイル\BaseSystem\Object">
      <UniqueIdentifier>{8459ca36-5981-4aeb-9308-c456d0366b48}</UniqueIdentifier>
    </Filter>
    <Filter Include="ソース ファイル\BaseSystem\Object\Character">
      <UniqueIdentifier>{2f1bc137-2900-4b8e-850a-cde32072c819}</UniqueIdentifier>
    </Filter>
    <Filter Include="ソース ファイル\BaseSystem\Scene">
      <UniqueIdentifier>{af5b623e-17c3-4308-b3ba-410f9a5b9c72}</UniqueIdentifier>
    </Filter>
    <Filter Include="ソース ファイル\BaseSystem\Debug">
      <UniqueIdentifier>{03c92fc0-53b3-405c-a2df-311b825d8127}</UniqueIdentifier>
    </Filter>
    <Filter Include="ソース ファイル\Game">
      <UniqueIdentifier>{05e59e8f-acd7-4d0a-bd9a-a5c6bd690bd4}</UniqueIdentifier>
    </Filter>
    <Filter Include="ソース ファイル\Game\Character">
      <UniqueIdentifier>{72debf50-9646-4186-80a0-951072c29999}</UniqueIdentifier>
    </Filter>
    <Filter Include="ソース ファイル\Game\Scene">
      <UniqueIdentifier>{7ddeeb75-320d-4391-819c-2a0c8f8f0538}</UniqueIdentifier>
    </Filter>
    <Filter Include="ソース ファイル\Game\Field">
      <UniqueIdentifier>{acbeca61-006d-429d-8391-45dc7983885d}</UniqueIdentifier>
    </Filter>
    <Filter Include="ソース ファイル\Game\Field\Object">
      <UniqueIdentifier>{944b0643-4c32-4f86-9d33-49cba7329b64}</UniqueIdentifier>
    </Filter>
    <Filter Include="ソース ファイル\Test">
      <UniqueIdentifier>{ab8bd641-7ca6-42f9-8f59-214f855f6a94}</UniqueIdentifier>
    </Filter>
    <Filter Include="ソース ファイル\Test\CollisionTest">
      <UniqueIdentifier>{2f8e40da-ce3e-4c93-a0ad-c58115e9f104}</UniqueIdentifier>
    </Filter>
    <Filter Include="ソース ファイル\Test\BootMenu">
      <UniqueIdentifier>{2aa74f13-8e56-41e9-ac27-7436c535f69b}</UniqueIdentifier>
    </Filter>
    <Filter Include="ソース ファイル\BaseSystem\Resource">
      <UniqueIdentifier>{ea8fc4f6-9c92-47ec-beb2-565bdc0b8827}</UniqueIdentifier>
    </Filter>
    <Filter Include="ソース ファイル\Game\System">
      <UniqueIdentifier>{58552d5f-f0e8-45c4-accd-bb75766151c5}</UniqueIdentifier>
    </Filter>
    <Filter Include="ソース ファイル\Game\Weapon">
      <UniqueIdentifier>{e9dd7340-e009-4436-9205-0da40d433b0e}</UniqueIdentifier>
    </Filter>
    <Filter Include="ソース ファイル\Game\UI">
      <UniqueIdentifier>{06415872-7a7a-4762-bcee-be700e41df19}</UniqueIdentifier>
    </Filter>
    <Filter Include="ソース ファイル\Game\UI\Menu">
      <UniqueIdentifier>{840bad1b-c529-4d3c-99b0-dc44602ad15a}</UniqueIdentifier>
    </Filter>
    <Filter Include="ソース ファイル\BaseSystem\Sound">
      <UniqueIdentifier>{669523f2-6f26-481f-b88a-02d59c66a795}</UniqueIdentifier>
    </Filter>
    <Filter Include="ソース ファイル\Game\Effect">
      <UniqueIdentifier>{836068fe-0d42-4c0a-9576-b3fec66db29c}</UniqueIdentifier>
    </Filter>
    <Filter Include="ソース ファイル\Game\UI\Title">
      <UniqueIdentifier>{a594cb69-7b77-4a90-8304-3ec10f740063}</UniqueIdentifier>
    </Filter>
    <Filter Include="ソース ファイル\Game\Character\CharacterStatus">
      <UniqueIdentifier>{19b03ac9-47f7-411f-9958-0ae719b5dd75}</UniqueIdentifier>
    </Filter>
    <Filter Include="ソース ファイル\Game\Field\Object\InteractObject">
      <UniqueIdentifier>{c334abdd-1f88-484d-9d55-0ab121f15f9c}</UniqueIdentifier>
    </Filter>
    <Filter Include="ソース ファイル\Game\UI\UI3D">
      <UniqueIdentifier>{93fe88a5-b1a0-4ebf-94af-5cd96c20ffbf}</UniqueIdentifier>
    </Filter>
    <Filter Include="ソース ファイル\Game\Debug">
      <UniqueIdentifier>{ff3151b9-81fa-44c0-ac2b-6c20c377b912}</UniqueIdentifier>
    </Filter>
    <Filter Include="ソース ファイル\Game\UI\UI2D">
      <UniqueIdentifier>{bd80871d-d265-49d4-97c0-8bfa239fd878}</UniqueIdentifier>
    </Filter>
    <Filter Include="ソース ファイル\Game\UI\EndUI">
      <UniqueIdentifier>{b3f74eef-2f5b-4ed1-ac80-724a8385f870}</UniqueIdentifier>
    </Filter>
    <Filter Include="ソース ファイル\Game\Scene\GameScene">
      <UniqueIdentifier>{6a269c3a-e3ee-4abf-aaca-5fe63b9a0556}</UniqueIdentifier>
    </Filter>
    <Filter Include="ソース ファイル\Game\Scene\UIScene">
      <UniqueIdentifier>{9f1391d8-4bfe-418b-a4ab-4eec45261736}</UniqueIdentifier>
    </Filter>
    <Filter Include="ソース ファイル\Test\TestScene">
      <UniqueIdentifier>{4e3d8025-c270-4420-8ce8-ed27466637ce}</UniqueIdentifier>
    </Filter>
    <Filter Include="ソース ファイル\Game\Character\Player">
      <UniqueIdentifier>{eaae7974-2825-4b30-b13b-c499a4c89c6e}</UniqueIdentifier>
    </Filter>
    <Filter Include="ソース ファイル\Game\Weapon\Status">
      <UniqueIdentifier>{26d63da8-7a3b-42a5-be9b-2aa12b4363dc}</UniqueIdentifier>
    </Filter>
    <Filter Include="ソース ファイル\Game\Field\Object\ConnectObject">
      <UniqueIdentifier>{d2a3212a-df0f-4d15-940a-4b91fe0007b8}</UniqueIdentifier>
    </Filter>
    <Filter Include="ソース ファイル\Game\Field\Object\SwitchObject">
      <UniqueIdentifier>{a047aa7a-1794-45b7-8ff7-a53f9a83568e}</UniqueIdentifier>
    </Filter>
    <Filter Include="ソース ファイル\Game\Field\Object\SwitchObject\Switch">
      <UniqueIdentifier>{3e2ed5db-0bf8-4b8e-9abd-e504b429eabb}</UniqueIdentifier>
    </Filter>
    <Filter Include="ソース ファイル\Game\Field\Object\ItemObject">
      <UniqueIdentifier>{c91adb51-8896-4cba-a435-c27ceac46c3d}</UniqueIdentifier>
    </Filter>
    <Filter Include="ソース ファイル\Game\Field\Object\ConnectObject\FireObject">
      <UniqueIdentifier>{f41d80ba-3670-41a1-866d-2cbd4c3f354c}</UniqueIdentifier>
    </Filter>
    <Filter Include="ソース ファイル\BaseSystem\Navigation">
      <UniqueIdentifier>{f65178ff-9f6b-4c8a-a8db-e655071d2554}</UniqueIdentifier>
    </Filter>
    <Filter Include="ソース ファイル\Game\Field\Room">
      <UniqueIdentifier>{b8705340-45e8-41b5-a21b-6e3ae3419b53}</UniqueIdentifier>
    </Filter>
  </ItemGroup>
  <ItemGroup>
    <ClCompile Include="src\main.cpp">
      <Filter>ソース ファイル</Filter>
    </ClCompile>
    <ClCompile Include="src\BaseSystem\CCollider.cpp">
      <Filter>ソース ファイル\BaseSystem\Collider</Filter>
    </ClCompile>
    <ClCompile Include="src\BaseSystem\CColliderLine.cpp">
      <Filter>ソース ファイル\BaseSystem\Collider</Filter>
    </ClCompile>
    <ClCompile Include="src\BaseSystem\CColliderMesh.cpp">
      <Filter>ソース ファイル\BaseSystem\Collider</Filter>
    </ClCompile>
    <ClCompile Include="src\BaseSystem\CColliderTriangle.cpp">
      <Filter>ソース ファイル\BaseSystem\Collider</Filter>
    </ClCompile>
    <ClCompile Include="src\BaseSystem\CCollisionManager.cpp">
      <Filter>ソース ファイル\BaseSystem\Collider</Filter>
    </ClCompile>
    <ClCompile Include="src\BaseSystem\CMatrix.cpp">
      <Filter>ソース ファイル\BaseSystem\Math</Filter>
    </ClCompile>
    <ClCompile Include="src\BaseSystem\CMyShader.cpp">
      <Filter>ソース ファイル\BaseSystem\Math</Filter>
    </ClCompile>
    <ClCompile Include="src\BaseSystem\CShader.cpp">
      <Filter>ソース ファイル\BaseSystem\Math</Filter>
    </ClCompile>
    <ClCompile Include="src\BaseSystem\CVector.cpp">
      <Filter>ソース ファイル\BaseSystem\Math</Filter>
    </ClCompile>
    <ClCompile Include="src\BaseSystem\CMaterial.cpp">
      <Filter>ソース ファイル\BaseSystem\Model</Filter>
    </ClCompile>
    <ClCompile Include="src\BaseSystem\CModel.cpp">
      <Filter>ソース ファイル\BaseSystem\Model</Filter>
    </ClCompile>
    <ClCompile Include="src\BaseSystem\CModelX.cpp">
      <Filter>ソース ファイル\BaseSystem\Model</Filter>
    </ClCompile>
    <ClCompile Include="src\BaseSystem\CTriangle.cpp">
      <Filter>ソース ファイル\BaseSystem\Model</Filter>
    </ClCompile>
    <ClCompile Include="src\BaseSystem\CCamera.cpp">
      <Filter>ソース ファイル\BaseSystem\System</Filter>
    </ClCompile>
    <ClCompile Include="src\BaseSystem\CInput.cpp">
      <Filter>ソース ファイル\BaseSystem\System</Filter>
    </ClCompile>
    <ClCompile Include="src\BaseSystem\CTexture.cpp">
      <Filter>ソース ファイル\BaseSystem\System</Filter>
    </ClCompile>
    <ClCompile Include="src\BaseSystem\CTransform.cpp">
      <Filter>ソース ファイル\BaseSystem\System</Filter>
    </ClCompile>
    <ClCompile Include="src\BaseSystem\CTaskManager.cpp">
      <Filter>ソース ファイル\BaseSystem\Task</Filter>
    </ClCompile>
    <ClCompile Include="src\BaseSystem\CFont.cpp">
      <Filter>ソース ファイル\BaseSystem\UI</Filter>
    </ClCompile>
    <ClCompile Include="src\Game\CApplication.cpp">
      <Filter>ソース ファイル\Game</Filter>
    </ClCompile>
    <ClCompile Include="src\BaseSystem\CEffect.cpp">
      <Filter>ソース ファイル\BaseSystem\Effect</Filter>
    </ClCompile>
    <ClCompile Include="src\BaseSystem\CBillBoard.cpp">
      <Filter>ソース ファイル\BaseSystem\Effect</Filter>
    </ClCompile>
    <ClCompile Include="src\BaseSystem\CTask.cpp">
      <Filter>ソース ファイル\BaseSystem\Task</Filter>
    </ClCompile>
    <ClCompile Include="src\BaseSystem\CObjectBase.cpp">
      <Filter>ソース ファイル\BaseSystem\Object</Filter>
    </ClCompile>
    <ClCompile Include="src\BaseSystem\CCharaBase.cpp">
      <Filter>ソース ファイル\BaseSystem\Object\Character</Filter>
    </ClCompile>
    <ClCompile Include="src\BaseSystem\CColliderSphere.cpp">
      <Filter>ソース ファイル\BaseSystem\Collider</Filter>
    </ClCompile>
    <ClCompile Include="src\BaseSystem\CSceneBase.cpp">
      <Filter>ソース ファイル\BaseSystem\Scene</Filter>
    </ClCompile>
    <ClCompile Include="src\BaseSystem\CSceneManager.cpp">
      <Filter>ソース ファイル\BaseSystem\Scene</Filter>
    </ClCompile>
    <ClCompile Include="src\BaseSystem\CColor.cpp">
      <Filter>ソース ファイル\BaseSystem\Math</Filter>
    </ClCompile>
    <ClCompile Include="src\BaseSystem\CTextureFont.cpp">
      <Filter>ソース ファイル\BaseSystem\UI</Filter>
    </ClCompile>
    <ClCompile Include="src\BaseSystem\CText.cpp">
      <Filter>ソース ファイル\BaseSystem\UI</Filter>
    </ClCompile>
    <ClCompile Include="src\BaseSystem\CUIBase.cpp">
      <Filter>ソース ファイル\BaseSystem\UI</Filter>
    </ClCompile>
    <ClCompile Include="src\BaseSystem\Maths.cpp">
      <Filter>ソース ファイル\BaseSystem\Math</Filter>
    </ClCompile>
    <ClCompile Include="src\BaseSystem\CQuaternion.cpp">
      <Filter>ソース ファイル\BaseSystem\Math</Filter>
    </ClCompile>
    <ClCompile Include="src\BaseSystem\CDebugPrint.cpp">
      <Filter>ソース ファイル\BaseSystem\Debug</Filter>
    </ClCompile>
    <ClCompile Include="src\Game\CXCharacter.cpp">
      <Filter>ソース ファイル\Game\Character</Filter>
    </ClCompile>
    <ClCompile Include="src\Game\CImage.cpp">
      <Filter>ソース ファイル\BaseSystem\UI</Filter>
    </ClCompile>
    <ClCompile Include="src\Game\CMoveObj.cpp">
      <Filter>ソース ファイル\Game\Field\Object</Filter>
    </ClCompile>
    <ClCompile Include="src\Game\CRideabeObject.cpp">
      <Filter>ソース ファイル\Game\Field\Object</Filter>
    </ClCompile>
    <ClCompile Include="src\Game\CRotateFloor.cpp">
      <Filter>ソース ファイル\Game\Field\Object</Filter>
    </ClCompile>
    <ClCompile Include="src\BaseSystem\CDebugProfiler.cpp">
      <Filter>ソース ファイル\BaseSystem\Debug</Filter>
    </ClCompile>
    <ClCompile Include="src\BaseSystem\CDebugTimer.cpp">
      <Filter>ソース ファイル\BaseSystem\Debug</Filter>
    </ClCompile>
    <ClCompile Include="src\BaseSystem\Primitive.cpp">
      <Filter>ソース ファイル\BaseSystem\System</Filter>
    </ClCompile>
    <ClCompile Include="src\Test\CCollisionTestScene.cpp">
      <Filter>ソース ファイル\Test\CollisionTest</Filter>
    </ClCompile>
    <ClCompile Include="src\Test\CBootMenuScene.cpp">
      <Filter>ソース ファイル\Test\BootMenu</Filter>
    </ClCompile>
    <ClCompile Include="src\BaseSystem\System.cpp">
      <Filter>ソース ファイル\BaseSystem\System</Filter>
    </ClCompile>
    <ClCompile Include="src\Test\CColTriangle.cpp">
      <Filter>ソース ファイル\Test\CollisionTest</Filter>
    </ClCompile>
    <ClCompile Include="src\Test\CColQuad.cpp">
      <Filter>ソース ファイル\Test\CollisionTest</Filter>
    </ClCompile>
    <ClCompile Include="src\Test\CMeasure.cpp">
      <Filter>ソース ファイル\Test\CollisionTest</Filter>
    </ClCompile>
    <ClCompile Include="src\Test\CColBase.cpp">
      <Filter>ソース ファイル\Test\CollisionTest</Filter>
    </ClCompile>
    <ClCompile Include="src\Test\CColLine.cpp">
      <Filter>ソース ファイル\Test\CollisionTest</Filter>
    </ClCompile>
    <ClCompile Include="src\Test\CColSphere.cpp">
      <Filter>ソース ファイル\Test\CollisionTest</Filter>
    </ClCompile>
    <ClCompile Include="src\BaseSystem\CDebugCamera.cpp">
      <Filter>ソース ファイル\BaseSystem\Debug</Filter>
    </ClCompile>
    <ClCompile Include="src\BaseSystem\CDebugInput.cpp">
      <Filter>ソース ファイル\BaseSystem\Debug</Filter>
    </ClCompile>
    <ClCompile Include="src\BaseSystem\CGamePause.cpp">
      <Filter>ソース ファイル\BaseSystem\System</Filter>
    </ClCompile>
    <ClCompile Include="src\BaseSystem\CBillBoardImage.cpp">
      <Filter>ソース ファイル\BaseSystem\Effect</Filter>
    </ClCompile>
    <ClCompile Include="src\BaseSystem\CRect.cpp">
      <Filter>ソース ファイル\BaseSystem\Math</Filter>
    </ClCompile>
    <ClCompile Include="src\BaseSystem\CResource.cpp">
      <Filter>ソース ファイル\BaseSystem\Resource</Filter>
    </ClCompile>
    <ClCompile Include="src\BaseSystem\CResourceManager.cpp">
      <Filter>ソース ファイル\BaseSystem\Resource</Filter>
    </ClCompile>
    <ClCompile Include="src\Game\CGameCamera.cpp">
      <Filter>ソース ファイル\Game\System</Filter>
    </ClCompile>
    <ClCompile Include="src\BaseSystem\CLineEffect.cpp">
      <Filter>ソース ファイル\BaseSystem\Effect</Filter>
    </ClCompile>
    <ClCompile Include="src\BaseSystem\CTrailEffect.cpp">
      <Filter>ソース ファイル\BaseSystem\Effect</Filter>
    </ClCompile>
    <ClCompile Include="src\Game\CBullet.cpp">
      <Filter>ソース ファイル\Game\Weapon</Filter>
    </ClCompile>
    <ClCompile Include="src\Game\CGameMenuBase.cpp">
      <Filter>ソース ファイル\Game\UI\Menu</Filter>
    </ClCompile>
    <ClCompile Include="src\Game\CGameCamera2.cpp">
      <Filter>ソース ファイル\Game\System</Filter>
    </ClCompile>
    <ClCompile Include="src\BaseSystem\CSoundManager.cpp">
      <Filter>ソース ファイル\BaseSystem\Sound</Filter>
    </ClCompile>
    <ClCompile Include="src\BaseSystem\CSound.cpp">
      <Filter>ソース ファイル\BaseSystem\Sound</Filter>
    </ClCompile>
    <ClCompile Include="src\BaseSystem\CFade.cpp">
      <Filter>ソース ファイル\BaseSystem\System</Filter>
    </ClCompile>
    <ClCompile Include="src\BaseSystem\CBGMManager.cpp">
      <Filter>ソース ファイル\BaseSystem\Sound</Filter>
    </ClCompile>
    <ClCompile Include="src\BaseSystem\BGMData.cpp">
      <Filter>ソース ファイル\BaseSystem\Sound</Filter>
    </ClCompile>
    <ClCompile Include="src\BaseSystem\CColliderCapsule.cpp">
      <Filter>ソース ファイル\BaseSystem\Collider</Filter>
    </ClCompile>
    <ClCompile Include="src\Test\CColCapsule.cpp">
      <Filter>ソース ファイル\Test\CollisionTest</Filter>
    </ClCompile>
    <ClCompile Include="src\BaseSystem\Easing.cpp">
      <Filter>ソース ファイル\BaseSystem\Math</Filter>
    </ClCompile>
    <ClCompile Include="src\Game\CFlame.cpp">
      <Filter>ソース ファイル\Game\Effect</Filter>
    </ClCompile>
    <ClCompile Include="src\Game\CFlamethrower.cpp">
      <Filter>ソース ファイル\Game\Effect</Filter>
    </ClCompile>
    <ClCompile Include="src\BaseSystem\CBounds.cpp">
      <Filter>ソース ファイル\BaseSystem\Math</Filter>
    </ClCompile>
    <ClCompile Include="src\Game\CTitleUI.cpp">
      <Filter>ソース ファイル\Game\UI\Title</Filter>
    </ClCompile>
    <ClCompile Include="src\BaseSystem\CButton.cpp">
      <Filter>ソース ファイル\BaseSystem\UI</Filter>
    </ClCompile>
    <ClCompile Include="src\BaseSystem\CUIManager.cpp">
      <Filter>ソース ファイル\BaseSystem\UI</Filter>
    </ClCompile>
    <ClCompile Include="src\BaseSystem\CExpandButton.cpp">
      <Filter>ソース ファイル\BaseSystem\UI</Filter>
    </ClCompile>
    <ClCompile Include="src\BaseSystem\Blend.cpp">
      <Filter>ソース ファイル\BaseSystem\System</Filter>
    </ClCompile>
    <ClCompile Include="src\Game\CGameMenu.cpp">
      <Filter>ソース ファイル\Game\UI\Menu</Filter>
    </ClCompile>
    <ClCompile Include="src\Game\CPlayerBase.cpp">
      <Filter>ソース ファイル\Game\Character</Filter>
    </ClCompile>
    <ClCompile Include="src\Game\CInteractUI3D.cpp">
      <Filter>ソース ファイル\Game\UI\UI3D</Filter>
    </ClCompile>
    <ClCompile Include="src\BaseSystem\CColliderBox.cpp">
      <Filter>ソース ファイル\BaseSystem\Collider</Filter>
    </ClCompile>
    <ClCompile Include="src\BaseSystem\CColliderRectangle.cpp">
      <Filter>ソース ファイル\BaseSystem\Collider</Filter>
    </ClCompile>
    <ClCompile Include="src\Test\CColRectangle.cpp">
      <Filter>ソース ファイル\Test\CollisionTest</Filter>
    </ClCompile>
    <ClCompile Include="src\Game\CSword.cpp">
      <Filter>ソース ファイル\Game\Weapon</Filter>
    </ClCompile>
    <ClCompile Include="src\Game\CWeapon.cpp">
      <Filter>ソース ファイル\Game\Weapon</Filter>
    </ClCompile>
    <ClCompile Include="src\Game\CCharaStatusBase.cpp">
      <Filter>ソース ファイル\Game\Character\CharacterStatus</Filter>
    </ClCompile>
    <ClCompile Include="src\Test\CColMesh.cpp">
      <Filter>ソース ファイル\Test\CollisionTest</Filter>
    </ClCompile>
    <ClCompile Include="src\Test\CColBox.cpp">
      <Filter>ソース ファイル\Test\CollisionTest</Filter>
    </ClCompile>
    <ClCompile Include="src\BaseSystem\CImage3D.cpp">
      <Filter>ソース ファイル\BaseSystem\Effect</Filter>
    </ClCompile>
    <ClCompile Include="src\Game\CInteractObject.cpp">
      <Filter>ソース ファイル\Game\Field\Object\InteractObject</Filter>
    </ClCompile>
    <ClCompile Include="src\Game\CGaugeUI3D.cpp">
      <Filter>ソース ファイル\Game\UI\UI3D</Filter>
    </ClCompile>
    <ClCompile Include="src\Game\CEnemyBase.cpp">
      <Filter>ソース ファイル\Game\Character</Filter>
    </ClCompile>
    <ClCompile Include="src\Game\CDebugFieldOfView.cpp">
      <Filter>ソース ファイル\Game\Debug</Filter>
    </ClCompile>
    <ClCompile Include="src\Game\CFieldBase.cpp">
      <Filter>ソース ファイル\Game\Field</Filter>
    </ClCompile>
    <ClCompile Include="src\Game\CSky.cpp">
      <Filter>ソース ファイル\Game\Field</Filter>
    </ClCompile>
    <ClCompile Include="src\Game\CGaugeUI2D.cpp">
      <Filter>ソース ファイル\Game\UI\UI2D</Filter>
    </ClCompile>
    <ClCompile Include="src\Game\CTextUI2D.cpp">
      <Filter>ソース ファイル\Game\UI\UI2D</Filter>
    </ClCompile>
    <ClCompile Include="src\Game\CTimeUI.cpp">
      <Filter>ソース ファイル\Game\UI\UI2D</Filter>
    </ClCompile>
    <ClCompile Include="src\Game\CScoreUIBase.cpp">
      <Filter>ソース ファイル\Game\UI\UI2D</Filter>
    </ClCompile>
    <ClCompile Include="src\Game\CTextUI3D.cpp">
      <Filter>ソース ファイル\Game\UI\UI3D</Filter>
    </ClCompile>
    <ClCompile Include="src\Game\CEndUIBase.cpp">
      <Filter>ソース ファイル\Game\UI\EndUI</Filter>
    </ClCompile>
    <ClCompile Include="src\Game\CTitleScene.cpp">
      <Filter>ソース ファイル\Game\Scene\UIScene</Filter>
    </ClCompile>
    <ClCompile Include="src\BaseSystem\CFontData.cpp">
      <Filter>ソース ファイル\BaseSystem\UI</Filter>
    </ClCompile>
    <ClCompile Include="src\Test\CTestScene.cpp">
      <Filter>ソース ファイル\Test\TestScene</Filter>
    </ClCompile>
    <ClCompile Include="src\Game\CPlayer.cpp">
      <Filter>ソース ファイル\Game\Character\Player</Filter>
    </ClCompile>
    <ClCompile Include="src\Game\CPlayerStatus.cpp">
      <Filter>ソース ファイル\Game\Character\CharacterStatus</Filter>
    </ClCompile>
    <ClCompile Include="src\Test\CTestField.cpp">
      <Filter>ソース ファイル\Test\TestScene</Filter>
    </ClCompile>
    <ClCompile Include="src\Game\CGearBaseStatus.cpp">
      <Filter>ソース ファイル\Game\Weapon\Status</Filter>
    </ClCompile>
    <ClCompile Include="src\Game\CWand.cpp">
      <Filter>ソース ファイル\Game\Weapon</Filter>
    </ClCompile>
    <ClCompile Include="src\Game\CConnectPoint.cpp">
      <Filter>ソース ファイル\Game\Effect</Filter>
    </ClCompile>
    <ClCompile Include="src\Game\CConnectPointManager.cpp">
      <Filter>ソース ファイル\Game\Effect</Filter>
    </ClCompile>
    <ClCompile Include="src\Game\CConnectObject.cpp">
      <Filter>ソース ファイル\Game\Field\Object\ConnectObject</Filter>
    </ClCompile>
    <ClCompile Include="src\Game\CSwitch.cpp">
      <Filter>ソース ファイル\Game\Field\Object\SwitchObject\Switch</Filter>
    </ClCompile>
    <ClCompile Include="src\Game\CSwitchButton.cpp">
      <Filter>ソース ファイル\Game\Field\Object\SwitchObject\Switch</Filter>
    </ClCompile>
    <ClCompile Include="src\Game\CSwitchFrame.cpp">
      <Filter>ソース ファイル\Game\Field\Object\SwitchObject\Switch</Filter>
    </ClCompile>
    <ClCompile Include="src\Game\CSwitchObject.cpp">
      <Filter>ソース ファイル\Game\Field\Object\SwitchObject</Filter>
    </ClCompile>
    <ClCompile Include="src\Game\CDoor.cpp">
      <Filter>ソース ファイル\Game\Field\Object\SwitchObject</Filter>
    </ClCompile>
    <ClCompile Include="src\Game\CWeight.cpp">
      <Filter>ソース ファイル\Game\Field\Object\ConnectObject</Filter>
    </ClCompile>
    <ClCompile Include="src\Game\CAirConnectObj.cpp">
      <Filter>ソース ファイル\Game\Field\Object\ConnectObject</Filter>
    </ClCompile>
    <ClCompile Include="src\Game\CRespawnArea.cpp">
      <Filter>ソース ファイル\Game\System</Filter>
    </ClCompile>
    <ClCompile Include="src\Game\CPortal.cpp">
      <Filter>ソース ファイル\Game\Field\Object</Filter>
    </ClCompile>
    <ClCompile Include="src\Game\CUpgradeItem.cpp">
      <Filter>ソース ファイル\Game\Field\Object</Filter>
    </ClCompile>
    <ClCompile Include="src\Game\CConnectTarget.cpp">
      <Filter>ソース ファイル\Game\Field\Object\ConnectObject</Filter>
    </ClCompile>
    <ClCompile Include="src\Game\CBridge.cpp">
      <Filter>ソース ファイル\Game\Field\Object\ConnectObject</Filter>
    </ClCompile>
    <ClCompile Include="src\BaseSystem\CWaterShader.cpp">
      <Filter>ソース ファイル\BaseSystem\Math</Filter>
    </ClCompile>
    <ClCompile Include="src\Game\CWater.cpp">
      <Filter>ソース ファイル\Game\Field</Filter>
    </ClCompile>
    <ClCompile Include="src\Game\CItemBase.cpp">
      <Filter>ソース ファイル\Game\Field\Object\ItemObject</Filter>
    </ClCompile>
    <ClCompile Include="src\Game\CPortalFragment.cpp">
      <Filter>ソース ファイル\Game\Field\Object\ConnectObject</Filter>
    </ClCompile>
    <ClCompile Include="src\Game\CFragmentMergeArea.cpp">
      <Filter>ソース ファイル\Game\Field</Filter>
    </ClCompile>
    <ClCompile Include="src\Game\CFire.cpp">
      <Filter>ソース ファイル\Game\Field\Object\ConnectObject\FireObject</Filter>
    </ClCompile>
    <ClCompile Include="src\Game\CGrass.cpp">
      <Filter>ソース ファイル\Game\Field\Object\ConnectObject\FireObject</Filter>
    </ClCompile>
    <ClCompile Include="src\Game\CTorch.cpp">
      <Filter>ソース ファイル\Game\Field\Object\ConnectObject\FireObject</Filter>
    </ClCompile>
    <ClCompile Include="src\Game\CCampFire.cpp">
      <Filter>ソース ファイル\Game\Field\Object\ConnectObject\FireObject</Filter>
    </ClCompile>
    <ClCompile Include="src\Game\CItemDrop.cpp">
      <Filter>ソース ファイル\Game\System</Filter>
    </ClCompile>
    <ClCompile Include="src\Game\CDropItem.cpp">
      <Filter>ソース ファイル\Game\System</Filter>
    </ClCompile>
    <ClCompile Include="src\BaseSystem\CNavManager.cpp">
      <Filter>ソース ファイル\BaseSystem\Navigation</Filter>
    </ClCompile>
    <ClCompile Include="src\BaseSystem\CNavNode.cpp">
      <Filter>ソース ファイル\BaseSystem\Navigation</Filter>
    </ClCompile>
    <ClCompile Include="src\Game\CRoom1.cpp">
      <Filter>ソース ファイル\Game\Field\Room</Filter>
    </ClCompile>
    <ClCompile Include="src\Game\CRoomManager.cpp">
      <Filter>ソース ファイル\Game\Field\Room</Filter>
    </ClCompile>
    <ClCompile Include="src\Game\CRoomBase.cpp">
      <Filter>ソース ファイル\Game\Field\Room</Filter>
    </ClCompile>
    <ClCompile Include="src\Game\CSwitchMoveFloor.cpp">
      <Filter>ソース ファイル\Game\Field\Object\SwitchObject</Filter>
    </ClCompile>
    <ClCompile Include="src\Game\CSwitchMoveWall.cpp">
      <Filter>ソース ファイル\Game\Field\Object\SwitchObject</Filter>
    </ClCompile>
    <ClCompile Include="src\Game\CConnectRoom.cpp">
      <Filter>ソース ファイル\Game\Field\Room</Filter>
    </ClCompile>
    <ClCompile Include="src\Game\CGameScene.cpp">
      <Filter>ソース ファイル\Game\Scene\GameScene</Filter>
    </ClCompile>
    <ClCompile Include="src\Game\CRoom2.cpp">
      <Filter>ソース ファイル\Game\Field\Room</Filter>
    </ClCompile>
    <ClCompile Include="src\Game\CLastRoom.cpp">
      <Filter>ソース ファイル\Game\Field\Room</Filter>
    </ClCompile>
    <ClCompile Include="src\Game\CRoom3.cpp">
      <Filter>ソース ファイル\Game\Field\Room</Filter>
    </ClCompile>
    <ClCompile Include="src\Game\CRoom4.cpp">
      <Filter>ソース ファイル\Game\Field\Room</Filter>
    </ClCompile>
    <ClCompile Include="src\Game\CGameClearScene.cpp">
      <Filter>ソース ファイル\Game\Scene\UIScene</Filter>
    </ClCompile>
    <ClCompile Include="src\Game\CGameClearUI.cpp">
      <Filter>ソース ファイル\Game\UI\EndUI</Filter>
    </ClCompile>
    <ClCompile Include="src\Game\CRoom5.cpp">
      <Filter>ソース ファイル\Game\Field\Room</Filter>
    </ClCompile>
    <ClCompile Include="src\Game\CShield.cpp">
      <Filter>ソース ファイル\Game\Field\Object</Filter>
    </ClCompile>
    <ClCompile Include="src\Game\CSaveManager.cpp">
      <Filter>ソース ファイル\Game\System</Filter>
    </ClCompile>
    <ClCompile Include="src\Game\CRewindUI.cpp">
      <Filter>ソース ファイル\Game\UI\UI2D</Filter>
    </ClCompile>
    <ClCompile Include="src\Game\CCrystal.cpp">
      <Filter>ソース ファイル\Game\Field\Object\SwitchObject\Switch</Filter>
    </ClCompile>
    <ClCompile Include="src\Game\CSwitchMoveAirObj.cpp">
      <Filter>ソース ファイル\Game\Field\Object\SwitchObject</Filter>
    </ClCompile>
    <ClCompile Include="src\Game\CSwitchPushWall.cpp">
      <Filter>ソース ファイル\Game\Field\Object\SwitchObject</Filter>
    </ClCompile>
    <ClCompile Include="src\Game\CSwitchShield.cpp">
      <Filter>ソース ファイル\Game\Field\Object\SwitchObject</Filter>
    </ClCompile>
    <ClCompile Include="src\Game\CRoom6.cpp">
      <Filter>ソース ファイル\Game\Field\Room</Filter>
    </ClCompile>
    <ClCompile Include="src\CWeightGenerator.cpp">
      <Filter>ソース ファイル\Game\Field\Object\SwitchObject</Filter>
    </ClCompile>
    <ClCompile Include="src\CSwitchWater.cpp">
      <Filter>ソース ファイル\Game\Field\Object\SwitchObject</Filter>
    </ClCompile>
  </ItemGroup>
  <ItemGroup>
    <ClInclude Include="src\BaseSystem\CCollider.h">
      <Filter>ソース ファイル\BaseSystem\Collider</Filter>
    </ClInclude>
    <ClInclude Include="src\BaseSystem\CColliderLine.h">
      <Filter>ソース ファイル\BaseSystem\Collider</Filter>
    </ClInclude>
    <ClInclude Include="src\BaseSystem\CColliderMesh.h">
      <Filter>ソース ファイル\BaseSystem\Collider</Filter>
    </ClInclude>
    <ClInclude Include="src\BaseSystem\CColliderTriangle.h">
      <Filter>ソース ファイル\BaseSystem\Collider</Filter>
    </ClInclude>
    <ClInclude Include="src\BaseSystem\CCollisionManager.h">
      <Filter>ソース ファイル\BaseSystem\Collider</Filter>
    </ClInclude>
    <ClInclude Include="src\BaseSystem\CMatrix.h">
      <Filter>ソース ファイル\BaseSystem\Math</Filter>
    </ClInclude>
    <ClInclude Include="src\BaseSystem\CMyShader.h">
      <Filter>ソース ファイル\BaseSystem\Math</Filter>
    </ClInclude>
    <ClInclude Include="src\BaseSystem\CShader.h">
      <Filter>ソース ファイル\BaseSystem\Math</Filter>
    </ClInclude>
    <ClInclude Include="src\BaseSystem\CVector.h">
      <Filter>ソース ファイル\BaseSystem\Math</Filter>
    </ClInclude>
    <ClInclude Include="src\BaseSystem\CMaterial.h">
      <Filter>ソース ファイル\BaseSystem\Model</Filter>
    </ClInclude>
    <ClInclude Include="src\BaseSystem\CModel.h">
      <Filter>ソース ファイル\BaseSystem\Model</Filter>
    </ClInclude>
    <ClInclude Include="src\BaseSystem\CModelX.h">
      <Filter>ソース ファイル\BaseSystem\Model</Filter>
    </ClInclude>
    <ClInclude Include="src\BaseSystem\CVertex.h">
      <Filter>ソース ファイル\BaseSystem\Model</Filter>
    </ClInclude>
    <ClInclude Include="src\BaseSystem\CTriangle.h">
      <Filter>ソース ファイル\BaseSystem\Model</Filter>
    </ClInclude>
    <ClInclude Include="src\BaseSystem\CCamera.h">
      <Filter>ソース ファイル\BaseSystem\System</Filter>
    </ClInclude>
    <ClInclude Include="src\BaseSystem\CInput.h">
      <Filter>ソース ファイル\BaseSystem\System</Filter>
    </ClInclude>
    <ClInclude Include="src\BaseSystem\CTexture.h">
      <Filter>ソース ファイル\BaseSystem\System</Filter>
    </ClInclude>
    <ClInclude Include="src\BaseSystem\CTransform.h">
      <Filter>ソース ファイル\BaseSystem\System</Filter>
    </ClInclude>
    <ClInclude Include="src\BaseSystem\CTask.h">
      <Filter>ソース ファイル\BaseSystem\Task</Filter>
    </ClInclude>
    <ClInclude Include="src\BaseSystem\CTaskManager.h">
      <Filter>ソース ファイル\BaseSystem\Task</Filter>
    </ClInclude>
    <ClInclude Include="src\BaseSystem\CFont.h">
      <Filter>ソース ファイル\BaseSystem\UI</Filter>
    </ClInclude>
    <ClInclude Include="src\Game\CApplication.h">
      <Filter>ソース ファイル\Game</Filter>
    </ClInclude>
    <ClInclude Include="src\BaseSystem\CEffect.h">
      <Filter>ソース ファイル\BaseSystem\Effect</Filter>
    </ClInclude>
    <ClInclude Include="src\BaseSystem\CBillBoard.h">
      <Filter>ソース ファイル\BaseSystem\Effect</Filter>
    </ClInclude>
    <ClInclude Include="src\BaseSystem\TaskPriority.h">
      <Filter>ソース ファイル\BaseSystem\Task</Filter>
    </ClInclude>
    <ClInclude Include="src\BaseSystem\TaskPauseType.h">
      <Filter>ソース ファイル\BaseSystem\Task</Filter>
    </ClInclude>
    <ClInclude Include="src\BaseSystem\ColliderType.h">
      <Filter>ソース ファイル\BaseSystem\Collider</Filter>
    </ClInclude>
    <ClInclude Include="src\BaseSystem\CObjectBase.h">
      <Filter>ソース ファイル\BaseSystem\Object</Filter>
    </ClInclude>
    <ClInclude Include="src\BaseSystem\CCharaBase.h">
      <Filter>ソース ファイル\BaseSystem\Object\Character</Filter>
    </ClInclude>
    <ClInclude Include="src\BaseSystem\ObjectTag.h">
      <Filter>ソース ファイル\BaseSystem\Object</Filter>
    </ClInclude>
    <ClInclude Include="src\BaseSystem\CollisionLayer.h">
      <Filter>ソース ファイル\BaseSystem\Collider</Filter>
    </ClInclude>
    <ClInclude Include="src\BaseSystem\CColliderSphere.h">
      <Filter>ソース ファイル\BaseSystem\Collider</Filter>
    </ClInclude>
    <ClInclude Include="src\BaseSystem\CSceneBase.h">
      <Filter>ソース ファイル\BaseSystem\Scene</Filter>
    </ClInclude>
    <ClInclude Include="src\BaseSystem\CSceneManager.h">
      <Filter>ソース ファイル\BaseSystem\Scene</Filter>
    </ClInclude>
    <ClInclude Include="src\BaseSystem\SceneType.h">
      <Filter>ソース ファイル\BaseSystem\Scene</Filter>
    </ClInclude>
    <ClInclude Include="src\BaseSystem\CColor.h">
      <Filter>ソース ファイル\BaseSystem\Math</Filter>
    </ClInclude>
    <ClInclude Include="src\BaseSystem\CTextureFont.h">
      <Filter>ソース ファイル\BaseSystem\UI</Filter>
    </ClInclude>
    <ClInclude Include="src\Define.h">
      <Filter>ソース ファイル</Filter>
    </ClInclude>
    <ClInclude Include="src\BaseSystem\CText.h">
      <Filter>ソース ファイル\BaseSystem\UI</Filter>
    </ClInclude>
    <ClInclude Include="src\BaseSystem\CUIBase.h">
      <Filter>ソース ファイル\BaseSystem\UI</Filter>
    </ClInclude>
    <ClInclude Include="src\BaseSystem\Maths.h">
      <Filter>ソース ファイル\BaseSystem\Math</Filter>
    </ClInclude>
    <ClInclude Include="src\BaseSystem\CQuaternion.h">
      <Filter>ソース ファイル\BaseSystem\Math</Filter>
    </ClInclude>
    <ClInclude Include="src\BaseSystem\CDebugPrint.h">
      <Filter>ソース ファイル\BaseSystem\Debug</Filter>
    </ClInclude>
    <ClInclude Include="src\Game\CXCharacter.h">
      <Filter>ソース ファイル\Game\Character</Filter>
    </ClInclude>
    <ClInclude Include="src\Game\CImage.h">
      <Filter>ソース ファイル\BaseSystem\UI</Filter>
    </ClInclude>
    <ClInclude Include="src\Game\CMoveObj.h">
      <Filter>ソース ファイル\Game\Field\Object</Filter>
    </ClInclude>
    <ClInclude Include="src\Game\CRideableObject.h">
      <Filter>ソース ファイル\Game\Field\Object</Filter>
    </ClInclude>
    <ClInclude Include="src\Game\CRotateFloor.h">
      <Filter>ソース ファイル\Game\Field\Object</Filter>
    </ClInclude>
    <ClInclude Include="src\BaseSystem\CDebugProfiler.h">
      <Filter>ソース ファイル\BaseSystem\Debug</Filter>
    </ClInclude>
    <ClInclude Include="src\BaseSystem\CDebugTimer.h">
      <Filter>ソース ファイル\BaseSystem\Debug</Filter>
    </ClInclude>
    <ClInclude Include="src\BaseSystem\Primitive.h">
      <Filter>ソース ファイル\BaseSystem\System</Filter>
    </ClInclude>
    <ClInclude Include="src\Test\CCollisionTestScene.h">
      <Filter>ソース ファイル\Test\CollisionTest</Filter>
    </ClInclude>
    <ClInclude Include="src\Test\CBootMenuScene.h">
      <Filter>ソース ファイル\Test\BootMenu</Filter>
    </ClInclude>
    <ClInclude Include="src\BaseSystem\System.h">
      <Filter>ソース ファイル\BaseSystem\System</Filter>
    </ClInclude>
    <ClInclude Include="src\Test\CColTriangle.h">
      <Filter>ソース ファイル\Test\CollisionTest</Filter>
    </ClInclude>
    <ClInclude Include="src\Test\CColQuad.h">
      <Filter>ソース ファイル\Test\CollisionTest</Filter>
    </ClInclude>
    <ClInclude Include="src\Test\CMeasure.h">
      <Filter>ソース ファイル\Test\CollisionTest</Filter>
    </ClInclude>
    <ClInclude Include="src\Test\CColBase.h">
      <Filter>ソース ファイル\Test\CollisionTest</Filter>
    </ClInclude>
    <ClInclude Include="src\Test\CColLine.h">
      <Filter>ソース ファイル\Test\CollisionTest</Filter>
    </ClInclude>
    <ClInclude Include="src\Test\CColSphere.h">
      <Filter>ソース ファイル\Test\CollisionTest</Filter>
    </ClInclude>
    <ClInclude Include="src\BaseSystem\CDebugCamera.h">
      <Filter>ソース ファイル\BaseSystem\Debug</Filter>
    </ClInclude>
    <ClInclude Include="src\BaseSystem\CDebugInput.h">
      <Filter>ソース ファイル\BaseSystem\Debug</Filter>
    </ClInclude>
    <ClInclude Include="src\BaseSystem\CGamePause.h">
      <Filter>ソース ファイル\BaseSystem\System</Filter>
    </ClInclude>
    <ClInclude Include="src\BaseSystem\CBillBoardImage.h">
      <Filter>ソース ファイル\BaseSystem\Effect</Filter>
    </ClInclude>
    <ClInclude Include="src\BaseSystem\CRect.h">
      <Filter>ソース ファイル\BaseSystem\Math</Filter>
    </ClInclude>
    <ClInclude Include="src\BaseSystem\CResource.h">
      <Filter>ソース ファイル\BaseSystem\Resource</Filter>
    </ClInclude>
    <ClInclude Include="src\BaseSystem\CResourceManager.h">
      <Filter>ソース ファイル\BaseSystem\Resource</Filter>
    </ClInclude>
    <ClInclude Include="src\Game\CGameCamera.h">
      <Filter>ソース ファイル\Game\System</Filter>
    </ClInclude>
    <ClInclude Include="src\BaseSystem\CLineEffect.h">
      <Filter>ソース ファイル\BaseSystem\Effect</Filter>
    </ClInclude>
    <ClInclude Include="src\BaseSystem\CTrailEffect.h">
      <Filter>ソース ファイル\BaseSystem\Effect</Filter>
    </ClInclude>
    <ClInclude Include="src\Game\CBullet.h">
      <Filter>ソース ファイル\Game\Weapon</Filter>
    </ClInclude>
    <ClInclude Include="src\Game\CGameMenuBase.h">
      <Filter>ソース ファイル\Game\UI\Menu</Filter>
    </ClInclude>
    <ClInclude Include="src\Game\CGameCamera2.h">
      <Filter>ソース ファイル\Game\System</Filter>
    </ClInclude>
    <ClInclude Include="src\BaseSystem\CSoundManager.h">
      <Filter>ソース ファイル\BaseSystem\Sound</Filter>
    </ClInclude>
    <ClInclude Include="src\BaseSystem\CSound.h">
      <Filter>ソース ファイル\BaseSystem\Sound</Filter>
    </ClInclude>
    <ClInclude Include="src\BaseSystem\CFade.h">
      <Filter>ソース ファイル\BaseSystem\System</Filter>
    </ClInclude>
    <ClInclude Include="src\BaseSystem\CBGMManager.h">
      <Filter>ソース ファイル\BaseSystem\Sound</Filter>
    </ClInclude>
    <ClInclude Include="src\BaseSystem\BGMData.h">
      <Filter>ソース ファイル\BaseSystem\Sound</Filter>
    </ClInclude>
    <ClInclude Include="src\BaseSystem\CColliderCapsule.h">
      <Filter>ソース ファイル\BaseSystem\Collider</Filter>
    </ClInclude>
    <ClInclude Include="src\Test\CColCapsule.h">
      <Filter>ソース ファイル\Test\CollisionTest</Filter>
    </ClInclude>
    <ClInclude Include="src\BaseSystem\Easing.h">
      <Filter>ソース ファイル\BaseSystem\Math</Filter>
    </ClInclude>
    <ClInclude Include="src\Game\CFlame.h">
      <Filter>ソース ファイル\Game\Effect</Filter>
    </ClInclude>
    <ClInclude Include="src\Game\CFlamethrower.h">
      <Filter>ソース ファイル\Game\Effect</Filter>
    </ClInclude>
    <ClInclude Include="src\BaseSystem\CBounds.h">
      <Filter>ソース ファイル\BaseSystem\Math</Filter>
    </ClInclude>
    <ClInclude Include="src\Game\CTitleUI.h">
      <Filter>ソース ファイル\Game\UI\Title</Filter>
    </ClInclude>
    <ClInclude Include="src\BaseSystem\CButton.h">
      <Filter>ソース ファイル\BaseSystem\UI</Filter>
    </ClInclude>
    <ClInclude Include="src\BaseSystem\CUIManager.h">
      <Filter>ソース ファイル\BaseSystem\UI</Filter>
    </ClInclude>
    <ClInclude Include="src\BaseSystem\CExpandButton.h">
      <Filter>ソース ファイル\BaseSystem\UI</Filter>
    </ClInclude>
    <ClInclude Include="src\BaseSystem\Times.h">
      <Filter>ソース ファイル\BaseSystem\System</Filter>
    </ClInclude>
    <ClInclude Include="src\BaseSystem\Blend.h">
      <Filter>ソース ファイル\BaseSystem\System</Filter>
    </ClInclude>
    <ClInclude Include="src\Game\CGameMenu.h">
      <Filter>ソース ファイル\Game\UI\Menu</Filter>
    </ClInclude>
    <ClInclude Include="src\Game\CPlayerBase.h">
      <Filter>ソース ファイル\Game\Character</Filter>
    </ClInclude>
    <ClInclude Include="src\Game\CInteractUI3D.h">
      <Filter>ソース ファイル\Game\UI\UI3D</Filter>
    </ClInclude>
    <ClInclude Include="src\BaseSystem\CColliderBox.h">
      <Filter>ソース ファイル\BaseSystem\Collider</Filter>
    </ClInclude>
    <ClInclude Include="src\BaseSystem\CColliderRectangle.h">
      <Filter>ソース ファイル\BaseSystem\Collider</Filter>
    </ClInclude>
    <ClInclude Include="src\Test\CColRectangle.h">
      <Filter>ソース ファイル\Test\CollisionTest</Filter>
    </ClInclude>
    <ClInclude Include="src\Game\CWeapon.h">
      <Filter>ソース ファイル\Game\Weapon</Filter>
    </ClInclude>
    <ClInclude Include="src\Game\CSword.h">
      <Filter>ソース ファイル\Game\Weapon</Filter>
    </ClInclude>
    <ClInclude Include="src\Game\CCharaStatusBase.h">
      <Filter>ソース ファイル\Game\Character\CharacterStatus</Filter>
    </ClInclude>
    <ClInclude Include="src\Test\CColMesh.h">
      <Filter>ソース ファイル\Test\CollisionTest</Filter>
    </ClInclude>
    <ClInclude Include="src\Test\CColBox.h">
      <Filter>ソース ファイル\Test\CollisionTest</Filter>
    </ClInclude>
    <ClInclude Include="src\BaseSystem\CImage3D.h">
      <Filter>ソース ファイル\BaseSystem\Effect</Filter>
    </ClInclude>
    <ClInclude Include="src\Game\CInteractObject.h">
      <Filter>ソース ファイル\Game\Field\Object\InteractObject</Filter>
    </ClInclude>
    <ClInclude Include="src\Game\CGaugeUI3D.h">
      <Filter>ソース ファイル\Game\UI\UI3D</Filter>
    </ClInclude>
    <ClInclude Include="src\Game\CEnemyBase.h">
      <Filter>ソース ファイル\Game\Character</Filter>
    </ClInclude>
    <ClInclude Include="src\Game\CDebugFieldOfView.h">
      <Filter>ソース ファイル\Game\Debug</Filter>
    </ClInclude>
    <ClInclude Include="src\Game\CFieldBase.h">
      <Filter>ソース ファイル\Game\Field</Filter>
    </ClInclude>
    <ClInclude Include="src\Game\CSky.h">
      <Filter>ソース ファイル\Game\Field</Filter>
    </ClInclude>
    <ClInclude Include="src\Game\CGaugeUI2D.h">
      <Filter>ソース ファイル\Game\UI\UI2D</Filter>
    </ClInclude>
    <ClInclude Include="src\Game\CTextUI2D.h">
      <Filter>ソース ファイル\Game\UI\UI2D</Filter>
    </ClInclude>
    <ClInclude Include="src\Game\CTimeUI.h">
      <Filter>ソース ファイル\Game\UI\UI2D</Filter>
    </ClInclude>
    <ClInclude Include="src\Game\CScoreUIBase.h">
      <Filter>ソース ファイル\Game\UI\UI2D</Filter>
    </ClInclude>
    <ClInclude Include="src\Game\CTextUI3D.h">
      <Filter>ソース ファイル\Game\UI\UI3D</Filter>
    </ClInclude>
    <ClInclude Include="src\Game\CEndUIBase.h">
      <Filter>ソース ファイル\Game\UI\EndUI</Filter>
    </ClInclude>
    <ClInclude Include="src\Game\CTitleScene.h">
      <Filter>ソース ファイル\Game\Scene\UIScene</Filter>
    </ClInclude>
    <ClInclude Include="src\BaseSystem\CFontData.h">
      <Filter>ソース ファイル\BaseSystem\UI</Filter>
    </ClInclude>
    <ClInclude Include="src\Test\CTestScene.h">
      <Filter>ソース ファイル\Test\TestScene</Filter>
    </ClInclude>
    <ClInclude Include="src\Game\CPlayer.h">
      <Filter>ソース ファイル\Game\Character\Player</Filter>
    </ClInclude>
    <ClInclude Include="src\Game\CPlayerStatus.h">
      <Filter>ソース ファイル\Game\Character\CharacterStatus</Filter>
    </ClInclude>
    <ClInclude Include="src\Test\CTestField.h">
      <Filter>ソース ファイル\Test\TestScene</Filter>
    </ClInclude>
    <ClInclude Include="src\Game\CGearBaseStatus.h">
      <Filter>ソース ファイル\Game\Weapon\Status</Filter>
    </ClInclude>
    <ClInclude Include="src\Game\CWand.h">
      <Filter>ソース ファイル\Game\Weapon</Filter>
    </ClInclude>
    <ClInclude Include="src\Game\CConnectPoint.h">
      <Filter>ソース ファイル\Game\Effect</Filter>
    </ClInclude>
    <ClInclude Include="src\Game\CConnectPointManager.h">
      <Filter>ソース ファイル\Game\Effect</Filter>
    </ClInclude>
    <ClInclude Include="src\Game\CConnectObject.h">
      <Filter>ソース ファイル\Game\Field\Object\ConnectObject</Filter>
    </ClInclude>
    <ClInclude Include="src\Game\CSwitch.h">
      <Filter>ソース ファイル\Game\Field\Object\SwitchObject\Switch</Filter>
    </ClInclude>
    <ClInclude Include="src\Game\CSwitchButton.h">
      <Filter>ソース ファイル\Game\Field\Object\SwitchObject\Switch</Filter>
    </ClInclude>
    <ClInclude Include="src\Game\CSwitchFrame.h">
      <Filter>ソース ファイル\Game\Field\Object\SwitchObject\Switch</Filter>
    </ClInclude>
    <ClInclude Include="src\Game\CSwitchObject.h">
      <Filter>ソース ファイル\Game\Field\Object\SwitchObject</Filter>
    </ClInclude>
    <ClInclude Include="src\Game\CDoor.h">
      <Filter>ソース ファイル\Game\Field\Object\SwitchObject</Filter>
    </ClInclude>
    <ClInclude Include="src\Game\CWeight.h">
      <Filter>ソース ファイル\Game\Field\Object\ConnectObject</Filter>
    </ClInclude>
    <ClInclude Include="src\Game\CAirConnectObj.h">
      <Filter>ソース ファイル\Game\Field\Object\ConnectObject</Filter>
    </ClInclude>
    <ClInclude Include="src\Game\ConnectObjectTag.h">
      <Filter>ソース ファイル\Game\Field\Object\ConnectObject</Filter>
    </ClInclude>
    <ClInclude Include="src\Game\CRespawnArea.h">
      <Filter>ソース ファイル\Game\System</Filter>
    </ClInclude>
    <ClInclude Include="src\Game\FadeType.h">
      <Filter>ソース ファイル\BaseSystem\System</Filter>
    </ClInclude>
    <ClInclude Include="src\Game\CPortal.h">
      <Filter>ソース ファイル\Game\Field\Object</Filter>
    </ClInclude>
    <ClInclude Include="src\Game\CUpgradeItem.h">
      <Filter>ソース ファイル\Game\Field\Object</Filter>
    </ClInclude>
    <ClInclude Include="src\Game\CConnectTarget.h">
      <Filter>ソース ファイル\Game\Field\Object\ConnectObject</Filter>
    </ClInclude>
    <ClInclude Include="src\Game\CBridge.h">
      <Filter>ソース ファイル\Game\Field\Object\ConnectObject</Filter>
    </ClInclude>
    <ClInclude Include="src\BaseSystem\CWaterShader.h">
      <Filter>ソース ファイル\BaseSystem\Math</Filter>
    </ClInclude>
    <ClInclude Include="src\Game\CWater.h">
      <Filter>ソース ファイル\Game\Field</Filter>
    </ClInclude>
    <ClInclude Include="src\Game\CItemBase.h">
      <Filter>ソース ファイル\Game\Field\Object\ItemObject</Filter>
    </ClInclude>
    <ClInclude Include="src\Game\CPortalFragment.h">
      <Filter>ソース ファイル\Game\Field\Object\ConnectObject</Filter>
    </ClInclude>
    <ClInclude Include="src\Game\FragmentType.h">
      <Filter>ソース ファイル\Game\Field\Object\ConnectObject</Filter>
    </ClInclude>
    <ClInclude Include="src\Game\CFragmentMergeArea.h">
      <Filter>ソース ファイル\Game\Field</Filter>
    </ClInclude>
    <ClInclude Include="src\Game\CFire.h">
      <Filter>ソース ファイル\Game\Field\Object\ConnectObject\FireObject</Filter>
    </ClInclude>
    <ClInclude Include="src\Game\CGrass.h">
      <Filter>ソース ファイル\Game\Field\Object\ConnectObject\FireObject</Filter>
    </ClInclude>
    <ClInclude Include="src\Game\CTorch.h">
      <Filter>ソース ファイル\Game\Field\Object\ConnectObject\FireObject</Filter>
    </ClInclude>
    <ClInclude Include="src\Game\CCampFire.h">
      <Filter>ソース ファイル\Game\Field\Object\ConnectObject\FireObject</Filter>
    </ClInclude>
    <ClInclude Include="src\Game\CItemDrop.h">
      <Filter>ソース ファイル\Game\System</Filter>
    </ClInclude>
    <ClInclude Include="src\Game\CDropItem.h">
      <Filter>ソース ファイル\Game\System</Filter>
    </ClInclude>
    <ClInclude Include="src\BaseSystem\CNavManager.h">
      <Filter>ソース ファイル\BaseSystem\Navigation</Filter>
    </ClInclude>
    <ClInclude Include="src\BaseSystem\CNavNode.h">
      <Filter>ソース ファイル\BaseSystem\Navigation</Filter>
    </ClInclude>
    <ClInclude Include="src\Game\CRoom1.h">
      <Filter>ソース ファイル\Game\Field\Room</Filter>
    </ClInclude>
    <ClInclude Include="src\Game\CRoomManager.h">
      <Filter>ソース ファイル\Game\Field\Room</Filter>
    </ClInclude>
    <ClInclude Include="src\Game\CRoomBase.h">
      <Filter>ソース ファイル\Game\Field\Room</Filter>
    </ClInclude>
    <ClInclude Include="src\Game\CSwitchMoveFloor.h">
      <Filter>ソース ファイル\Game\Field\Object\SwitchObject</Filter>
    </ClInclude>
    <ClInclude Include="src\Game\CSwitchMoveWall.h">
      <Filter>ソース ファイル\Game\Field\Object\SwitchObject</Filter>
    </ClInclude>
    <ClInclude Include="src\Game\CConnectRoom.h">
      <Filter>ソース ファイル\Game\Field\Room</Filter>
    </ClInclude>
    <ClInclude Include="src\Game\CGameScene.h">
      <Filter>ソース ファイル\Game\Scene\GameScene</Filter>
    </ClInclude>
    <ClInclude Include="src\Game\CRoom2.h">
      <Filter>ソース ファイル\Game\Field\Room</Filter>
    </ClInclude>
    <ClInclude Include="src\Game\CLastRoom.h">
      <Filter>ソース ファイル\Game\Field\Room</Filter>
    </ClInclude>
    <ClInclude Include="src\Game\CRoom3.h">
      <Filter>ソース ファイル\Game\Field\Room</Filter>
    </ClInclude>
    <ClInclude Include="src\Game\CRoom4.h">
      <Filter>ソース ファイル\Game\Field\Room</Filter>
    </ClInclude>
    <ClInclude Include="src\Game\CGameClearScene.h">
      <Filter>ソース ファイル\Game\Scene\UIScene</Filter>
    </ClInclude>
    <ClInclude Include="src\Game\CGameClearUI.h">
      <Filter>ソース ファイル\Game\UI\EndUI</Filter>
    </ClInclude>
    <ClInclude Include="src\Game\CRoom5.h">
      <Filter>ソース ファイル\Game\Field\Room</Filter>
    </ClInclude>
    <ClInclude Include="src\Game\CShield.h">
      <Filter>ソース ファイル\Game\Field\Object</Filter>
    </ClInclude>
    <ClInclude Include="src\Game\CSaveManager.h">
      <Filter>ソース ファイル\Game\System</Filter>
    </ClInclude>
    <ClInclude Include="src\Game\SaveData.h">
      <Filter>ソース ファイル\Game\System</Filter>
    </ClInclude>
    <ClInclude Include="src\Game\MoveState.h">
      <Filter>ソース ファイル\Game\Field\Object</Filter>
    </ClInclude>
    <ClInclude Include="src\Game\CRewindUI.h">
      <Filter>ソース ファイル\Game\UI\UI2D</Filter>
    </ClInclude>
    <ClInclude Include="src\Game\CCrystal.h">
      <Filter>ソース ファイル\Game\Field\Object\SwitchObject\Switch</Filter>
    </ClInclude>
    <ClInclude Include="src\Game\CSwitchMoveAirObj.h">
      <Filter>ソース ファイル\Game\Field\Object\SwitchObject</Filter>
    </ClInclude>
    <ClInclude Include="src\Game\CSwitchPushWall.h">
      <Filter>ソース ファイル\Game\Field\Object\SwitchObject</Filter>
    </ClInclude>
    <ClInclude Include="src\Game\CSwitchShield.h">
      <Filter>ソース ファイル\Game\Field\Object\SwitchObject</Filter>
    </ClInclude>
    <ClInclude Include="src\Game\CRoom6.h">
      <Filter>ソース ファイル\Game\Field\Room</Filter>
    </ClInclude>
    <ClInclude Include="src\CWeightGenerator.h">
      <Filter>ソース ファイル\Game\Field\Object\SwitchObject</Filter>
    </ClInclude>
    <ClInclude Include="src\CSwitchWater.h">
      <Filter>ソース ファイル\Game\Field\Object\SwitchObject</Filter>
    </ClInclude>
  </ItemGroup>
</Project>